// !$*UTF8*$!
{
	archiveVersion = 1;
	classes = {
	};
	objectVersion = 46;
	objects = {

/* Begin PBXBuildFile section */
		65D092F11F324A8E004483DB /* AppDelegate.swift in Sources */ = {isa = PBXBuildFile; fileRef = 65D092F01F324A8E004483DB /* AppDelegate.swift */; };
		65D092F31F324A8E004483DB /* ViewController.swift in Sources */ = {isa = PBXBuildFile; fileRef = 65D092F21F324A8E004483DB /* ViewController.swift */; };
		65D092F61F324A8E004483DB /* Main.storyboard in Resources */ = {isa = PBXBuildFile; fileRef = 65D092F41F324A8E004483DB /* Main.storyboard */; };
		65D092F81F324A8E004483DB /* Assets.xcassets in Resources */ = {isa = PBXBuildFile; fileRef = 65D092F71F324A8E004483DB /* Assets.xcassets */; };
		65D092FB1F324A8E004483DB /* LaunchScreen.storyboard in Resources */ = {isa = PBXBuildFile; fileRef = 65D092F91F324A8E004483DB /* LaunchScreen.storyboard */; };
/* End PBXBuildFile section */

/* Begin PBXFileReference section */
		65D092ED1F324A8E004483DB /* Party-Rock.app */ = {isa = PBXFileReference; explicitFileType = wrapper.application; includeInIndex = 0; path = "Party-Rock.app"; sourceTree = BUILT_PRODUCTS_DIR; };
		65D092F01F324A8E004483DB /* AppDelegate.swift */ = {isa = PBXFileReference; lastKnownFileType = sourcecode.swift; path = AppDelegate.swift; sourceTree = "<group>"; };
		65D092F21F324A8E004483DB /* ViewController.swift */ = {isa = PBXFileReference; lastKnownFileType = sourcecode.swift; path = ViewController.swift; sourceTree = "<group>"; };
		65D092F51F324A8E004483DB /* Base */ = {isa = PBXFileReference; lastKnownFileType = file.storyboard; name = Base; path = Base.lproj/Main.storyboard; sourceTree = "<group>"; };
		65D092F71F324A8E004483DB /* Assets.xcassets */ = {isa = PBXFileReference; lastKnownFileType = folder.assetcatalog; path = Assets.xcassets; sourceTree = "<group>"; };
		65D092FA1F324A8E004483DB /* Base */ = {isa = PBXFileReference; lastKnownFileType = file.storyboard; name = Base; path = Base.lproj/LaunchScreen.storyboard; sourceTree = "<group>"; };
		65D092FC1F324A8E004483DB /* Info.plist */ = {isa = PBXFileReference; lastKnownFileType = text.plist.xml; path = Info.plist; sourceTree = "<group>"; };
/* End PBXFileReference section */

/* Begin PBXFrameworksBuildPhase section */
		65D092EA1F324A8E004483DB /* Frameworks */ = {
			isa = PBXFrameworksBuildPhase;
			buildActionMask = 2147483647;
			files = (
			);
			runOnlyForDeploymentPostprocessing = 0;
		};
/* End PBXFrameworksBuildPhase section */

/* Begin PBXGroup section */
		65D092E41F324A8E004483DB = {
			isa = PBXGroup;
			children = (
				65D092EF1F324A8E004483DB /* Party-Rock */,
				65D092EE1F324A8E004483DB /* Products */,
			);
			sourceTree = "<group>";
		};
		65D092EE1F324A8E004483DB /* Products */ = {
			isa = PBXGroup;
			children = (
				65D092ED1F324A8E004483DB /* Party-Rock.app */,
			);
			name = Products;
			sourceTree = "<group>";
		};
		65D092EF1F324A8E004483DB /* Party-Rock */ = {
			isa = PBXGroup;
			children = (
				65D092F01F324A8E004483DB /* AppDelegate.swift */,
				65D092F21F324A8E004483DB /* ViewController.swift */,
				65D092F41F324A8E004483DB /* Main.storyboard */,
				65D092F71F324A8E004483DB /* Assets.xcassets */,
				65D092F91F324A8E004483DB /* LaunchScreen.storyboard */,
				65D092FC1F324A8E004483DB /* Info.plist */,
			);
			path = "Party-Rock";
			sourceTree = "<group>";
		};
/* End PBXGroup section */

/* Begin PBXNativeTarget section */
		65D092EC1F324A8E004483DB /* Party-Rock */ = {
			isa = PBXNativeTarget;
			buildConfigurationList = 65D092FF1F324A8E004483DB /* Build configuration list for PBXNativeTarget "Party-Rock" */;
			buildPhases = (
				65D092E91F324A8E004483DB /* Sources */,
				65D092EA1F324A8E004483DB /* Frameworks */,
				65D092EB1F324A8E004483DB /* Resources */,
			);
			buildRules = (
			);
			dependencies = (
			);
			name = "Party-Rock";
			productName = "Party-Rock";
			productReference = 65D092ED1F324A8E004483DB /* Party-Rock.app */;
			productType = "com.apple.product-type.application";
		};
/* End PBXNativeTarget section */

/* Begin PBXProject section */
		65D092E51F324A8E004483DB /* Project object */ = {
			isa = PBXProject;
			attributes = {
				LastSwiftUpdateCheck = 0830;
				LastUpgradeCheck = 0830;
				ORGANIZATIONNAME = "Ravi Pinamacha";
				TargetAttributes = {
					65D092EC1F324A8E004483DB = {
						CreatedOnToolsVersion = 8.3.3;
						DevelopmentTeam = 6EZM43FG2R;
						ProvisioningStyle = Automatic;
					};
				};
			};
			buildConfigurationList = 65D092E81F324A8E004483DB /* Build configuration list for PBXProject "Party-Rock" */;
			compatibilityVersion = "Xcode 3.2";
			developmentRegion = English;
			hasScannedForEncodings = 0;
			knownRegions = (
				en,
				Base,
			);
			mainGroup = 65D092E41F324A8E004483DB;
			productRefGroup = 65D092EE1F324A8E004483DB /* Products */;
			projectDirPath = "";
			projectRoot = "";
			targets = (
				65D092EC1F324A8E004483DB /* Party-Rock */,
			);
		};
/* End PBXProject section */

/* Begin PBXResourcesBuildPhase section */
		65D092EB1F324A8E004483DB /* Resources */ = {
			isa = PBXResourcesBuildPhase;
			buildActionMask = 2147483647;
			files = (
				65D092FB1F324A8E004483DB /* LaunchScreen.storyboard in Resources */,
				65D092F81F324A8E004483DB /* Assets.xcassets in Resources */,
				65D092F61F324A8E004483DB /* Main.storyboard in Resources */,
			);
			runOnlyForDeploymentPostprocessing = 0;
		};
/* End PBXResourcesBuildPhase section */

/* Begin PBXSourcesBuildPhase section */
		65D092E91F324A8E004483DB /* Sources */ = {
			isa = PBXSourcesBuildPhase;
			buildActionMask = 2147483647;
			files = (
				65D092F31F324A8E004483DB /* ViewController.swift in Sources */,
				65D092F11F324A8E004483DB /* AppDelegate.swift in Sources */,
			);
			runOnlyForDeploymentPostprocessing = 0;
		};
/* End PBXSourcesBuildPhase section */

/* Begin PBXVariantGroup section */
		65D092F41F324A8E004483DB /* Main.storyboard */ = {
			isa = PBXVariantGroup;
			children = (
				65D092F51F324A8E004483DB /* Base */,
			);
			name = Main.storyboard;
			sourceTree = "<group>";
		};
		65D092F91F324A8E004483DB /* LaunchScreen.storyboard */ = {
			isa = PBXVariantGroup;
			children = (
				65D092FA1F324A8E004483DB /* Base */,
			);
			name = LaunchScreen.storyboard;
			sourceTree = "<group>";
		};
/* End PBXVariantGroup section */

/* Begin XCBuildConfiguration section */
		65D092FD1F324A8E004483DB /* Debug */ = {
			isa = XCBuildConfiguration;
			buildSettings = {
				ALWAYS_SEARCH_USER_PATHS = NO;
				CLANG_ANALYZER_NONNULL = YES;
				CLANG_ANALYZER_NUMBER_OBJECT_CONVERSION = YES_AGGRESSIVE;
				CLANG_CXX_LANGUAGE_STANDARD = "gnu++0x";
				CLANG_CXX_LIBRARY = "libc++";
				CLANG_ENABLE_MODULES = YES;
				CLANG_ENABLE_OBJC_ARC = YES;
				CLANG_WARN_BOOL_CONVERSION = YES;
				CLANG_WARN_CONSTANT_CONVERSION = YES;
				CLANG_WARN_DIRECT_OBJC_ISA_USAGE = YES_ERROR;
				CLANG_WARN_DOCUMENTATION_COMMENTS = YES;
				CLANG_WARN_EMPTY_BODY = YES;
				CLANG_WARN_ENUM_CONVERSION = YES;
				CLANG_WARN_INFINITE_RECURSION = YES;
				CLANG_WARN_INT_CONVERSION = YES;
				CLANG_WARN_OBJC_ROOT_CLASS = YES_ERROR;
				CLANG_WARN_SUSPICIOUS_MOVE = YES;
				CLANG_WARN_UNREACHABLE_CODE = YES;
				CLANG_WARN__DUPLICATE_METHOD_MATCH = YES;
				"CODE_SIGN_IDENTITY[sdk=iphoneos*]" = "iPhone Developer";
				COPY_PHASE_STRIP = NO;
				DEBUG_INFORMATION_FORMAT = dwarf;
				ENABLE_STRICT_OBJC_MSGSEND = YES;
				ENABLE_TESTABILITY = YES;
				GCC_C_LANGUAGE_STANDARD = gnu99;
				GCC_DYNAMIC_NO_PIC = NO;
				GCC_NO_COMMON_BLOCKS = YES;
				GCC_OPTIMIZATION_LEVEL = 0;
				GCC_PREPROCESSOR_DEFINITIONS = (
					"DEBUG=1",
					"$(inherited)",
				);
				GCC_WARN_64_TO_32_BIT_CONVERSION = YES;
				GCC_WARN_ABOUT_RETURN_TYPE = YES_ERROR;
				GCC_WARN_UNDECLARED_SELECTOR = YES;
				GCC_WARN_UNINITIALIZED_AUTOS = YES_AGGRESSIVE;
				GCC_WARN_UNUSED_FUNCTION = YES;
				GCC_WARN_UNUSED_VARIABLE = YES;
				IPHONEOS_DEPLOYMENT_TARGET = 10.3;
				MTL_ENABLE_DEBUG_INFO = YES;
				ONLY_ACTIVE_ARCH = YES;
				SDKROOT = iphoneos;
				SWIFT_ACTIVE_COMPILATION_CONDITIONS = DEBUG;
				SWIFT_OPTIMIZATION_LEVEL = "-Onone";
				TARGETED_DEVICE_FAMILY = "1,2";
			};
			name = Debug;
		};
		65D092FE1F324A8E004483DB /* Release */ = {
			isa = XCBuildConfiguration;
			buildSettings = {
				ALWAYS_SEARCH_USER_PATHS = NO;
				CLANG_ANALYZER_NONNULL = YES;
				CLANG_ANALYZER_NUMBER_OBJECT_CONVERSION = YES_AGGRESSIVE;
				CLANG_CXX_LANGUAGE_STANDARD = "gnu++0x";
				CLANG_CXX_LIBRARY = "libc++";
				CLANG_ENABLE_MODULES = YES;
				CLANG_ENABLE_OBJC_ARC = YES;
				CLANG_WARN_BOOL_CONVERSION = YES;
				CLANG_WARN_CONSTANT_CONVERSION = YES;
				CLANG_WARN_DIRECT_OBJC_ISA_USAGE = YES_ERROR;
				CLANG_WARN_DOCUMENTATION_COMMENTS = YES;
				CLANG_WARN_EMPTY_BODY = YES;
				CLANG_WARN_ENUM_CONVERSION = YES;
				CLANG_WARN_INFINITE_RECURSION = YES;
				CLANG_WARN_INT_CONVERSION = YES;
				CLANG_WARN_OBJC_ROOT_CLASS = YES_ERROR;
				CLANG_WARN_SUSPICIOUS_MOVE = YES;
				CLANG_WARN_UNREACHABLE_CODE = YES;
				CLANG_WARN__DUPLICATE_METHOD_MATCH = YES;
				"CODE_SIGN_IDENTITY[sdk=iphoneos*]" = "iPhone Developer";
				COPY_PHASE_STRIP = NO;
				DEBUG_INFORMATION_FORMAT = "dwarf-with-dsym";
				ENABLE_NS_ASSERTIONS = NO;
				ENABLE_STRICT_OBJC_MSGSEND = YES;
				GCC_C_LANGUAGE_STANDARD = gnu99;
				GCC_NO_COMMON_BLOCKS = YES;
				GCC_WARN_64_TO_32_BIT_CONVERSION = YES;
				GCC_WARN_ABOUT_RETURN_TYPE = YES_ERROR;
				GCC_WARN_UNDECLARED_SELECTOR = YES;
				GCC_WARN_UNINITIALIZED_AUTOS = YES_AGGRESSIVE;
				GCC_WARN_UNUSED_FUNCTION = YES;
				GCC_WARN_UNUSED_VARIABLE = YES;
				IPHONEOS_DEPLOYMENT_TARGET = 10.3;
				MTL_ENABLE_DEBUG_INFO = NO;
				SDKROOT = iphoneos;
				SWIFT_OPTIMIZATION_LEVEL = "-Owholemodule";
				TARGETED_DEVICE_FAMILY = "1,2";
				VALIDATE_PRODUCT = YES;
			};
			name = Release;
		};
		65D093001F324A8E004483DB /* Debug */ = {
			isa = XCBuildConfiguration;
			buildSettings = {
				ASSETCATALOG_COMPILER_APPICON_NAME = AppIcon;
				DEVELOPMENT_TEAM = 6EZM43FG2R;
				INFOPLIST_FILE = "Party-Rock/Info.plist";
				LD_RUNPATH_SEARCH_PATHS = "$(inherited) @executable_path/Frameworks";
				PRODUCT_BUNDLE_IDENTIFIER = "com.iosapps.Party-Rock";
				PRODUCT_NAME = "$(TARGET_NAME)";
				SWIFT_VERSION = 3.0;
			};
			name = Debug;
		};
		65D093011F324A8E004483DB /* Release */ = {
			isa = XCBuildConfiguration;
			buildSettings = {
				ASSETCATALOG_COMPILER_APPICON_NAME = AppIcon;
				DEVELOPMENT_TEAM = 6EZM43FG2R;
				INFOPLIST_FILE = "Party-Rock/Info.plist";
				LD_RUNPATH_SEARCH_PATHS = "$(inherited) @executable_path/Frameworks";
				PRODUCT_BUNDLE_IDENTIFIER = "com.iosapps.Party-Rock";
				PRODUCT_NAME = "$(TARGET_NAME)";
				SWIFT_VERSION = 3.0;
			};
			name = Release;
		};
/* End XCBuildConfiguration section */

/* Begin XCConfigurationList section */
		65D092E81F324A8E004483DB /* Build configuration list for PBXProject "Party-Rock" */ = {
			isa = XCConfigurationList;
			buildConfigurations = (
				65D092FD1F324A8E004483DB /* Debug */,
				65D092FE1F324A8E004483DB /* Release */,
			);
			defaultConfigurationIsVisible = 0;
			defaultConfigurationName = Release;
		};
		65D092FF1F324A8E004483DB /* Build configuration list for PBXNativeTarget "Party-Rock" */ = {
			isa = XCConfigurationList;
			buildConfigurations = (
				65D093001F324A8E004483DB /* Debug */,
				65D093011F324A8E004483DB /* Release */,
			);
			defaultConfigurationIsVisible = 0;
		};
/* End XCConfigurationList section */
	};
	rootObject = 65D092E51F324A8E004483DB /* Project object */;
}
